
Microsoft Visual Studio Solution File, Format Version 12.00
# Visual Studio Version 16
VisualStudioVersion = 16.0.32106.194
MinimumVisualStudioVersion = 10.0.40219.1
Project("{FAE04EC0-301F-11D3-BF4B-00C04F79EFBC}") = "DiscordVirusDetector", "DiscordVirusDetector\DiscordVirusDetector.csproj", "{27A6D4E3-804B-4EF8-996B-FBA39BF67849}"
EndProject
Global
	GlobalSection(SolutionConfigurationPlatforms) = preSolution
		Debug|Any CPU = Debug|Any CPU
		Release|Any CPU = Release|Any CPU
	EndGlobalSection
	GlobalSection(ProjectConfigurationPlatforms) = postSolution
		{27A6D4E3-804B-4EF8-996B-FBA39BF67849}.Debug|Any CPU.ActiveCfg = Debug|Any CPU
		{27A6D4E3-804B-4EF8-996B-FBA39BF67849}.Debug|Any CPU.Build.0 = Debug|Any CPU
		{27A6D4E3-804B-4EF8-996B-FBA39BF67849}.Release|Any CPU.ActiveCfg = Release|Any CPU
		{27A6D4E3-804B-4EF8-996B-FBA39BF67849}.Release|Any CPU.Build.0 = Release|Any CPU
	EndGlobalSection
	GlobalSection(SolutionProperties) = preSolution
		HideSolutionNode = FALSE
	EndGlobalSection
	GlobalSection(ExtensibilityGlobals) = postSolution
		SolutionGuid = {2DA3C016-33D9-4EB9-A3F4-B6E05F16E785}
	EndGlobalSection
EndGlobal
